
Microsoft Visual Studio Solution File, Format Version 12.00
# Visual Studio Version 17
VisualStudioVersion = 17.8.34330.188
MinimumVisualStudioVersion = 10.0.40219.1
Project("{FAE04EC0-301F-11D3-BF4B-00C04F79EFBC}") = "Imagestore", "Imagestore.csproj", "{6F9F7A0A-C728-4C15-B7C6-A79392C2086F}"
EndProject
Global
	GlobalSection(SolutionConfigurationPlatforms) = preSolution
		Debug|Any CPU = Debug|Any CPU
		Release|Any CPU = Release|Any CPU
	EndGlobalSection
	GlobalSection(ProjectConfigurationPlatforms) = postSolution
		{6F9F7A0A-C728-4C15-B7C6-A79392C2086F}.Debug|Any CPU.ActiveCfg = Debug|Any CPU
		{6F9F7A0A-C728-4C15-B7C6-A79392C2086F}.Debug|Any CPU.Build.0 = Debug|Any CPU
		{6F9F7A0A-C728-4C15-B7C6-A79392C2086F}.Release|Any CPU.ActiveCfg = Release|Any CPU
		{6F9F7A0A-C728-4C15-B7C6-A79392C2086F}.Release|Any CPU.Build.0 = Release|Any CPU
	EndGlobalSection
	GlobalSection(SolutionProperties) = preSolution
		HideSolutionNode = FALSE
	EndGlobalSection
	GlobalSection(ExtensibilityGlobals) = postSolution
		SolutionGuid = {F5232C10-92BD-4E6C-8C2D-B94BD53CB981}
	EndGlobalSection
EndGlobal
